
Microsoft Visual Studio Solution File, Format Version 12.00
# Visual Studio Version 17
VisualStudioVersion = 17.14.36401.2 d17.14
MinimumVisualStudioVersion = 10.0.40219.1
Project("{FAE04EC0-301F-11D3-BF4B-00C04F79EFBC}") = "ECS Equipment Checkout System", "ECS Equipment Checkout System.csproj", "{86B075EF-1431-40C3-897B-0F68E1290EAB}"
EndProject
Global
	GlobalSection(SolutionConfigurationPlatforms) = preSolution
		Debug|Any CPU = Debug|Any CPU
		Release|Any CPU = Release|Any CPU
	EndGlobalSection
	GlobalSection(ProjectConfigurationPlatforms) = postSolution
		{86B075EF-1431-40C3-897B-0F68E1290EAB}.Debug|Any CPU.ActiveCfg = Debug|Any CPU
		{86B075EF-1431-40C3-897B-0F68E1290EAB}.Debug|Any CPU.Build.0 = Debug|Any CPU
		{86B075EF-1431-40C3-897B-0F68E1290EAB}.Release|Any CPU.ActiveCfg = Release|Any CPU
		{86B075EF-1431-40C3-897B-0F68E1290EAB}.Release|Any CPU.Build.0 = Release|Any CPU
	EndGlobalSection
	GlobalSection(SolutionProperties) = preSolution
		HideSolutionNode = FALSE
	EndGlobalSection
	GlobalSection(ExtensibilityGlobals) = postSolution
		SolutionGuid = {B6BA6F1C-801B-4ED0-9981-3AE8529AC7DB}
	EndGlobalSection
EndGlobal
